// !$*UTF8*$!
{
	archiveVersion = 1;
	classes = {
	};
	objectVersion = 48;
	objects = {

/* Begin PBXBuildFile section */
		1B103D442018E97300519AD4 /* AppDelegate.swift in Sources */ = {isa = PBXBuildFile; fileRef = 1B103D432018E97300519AD4 /* AppDelegate.swift */; };
		1B103D462018E97300519AD4 /* ViewController.swift in Sources */ = {isa = PBXBuildFile; fileRef = 1B103D452018E97300519AD4 /* ViewController.swift */; };
		1B103D492018E97300519AD4 /* Main.storyboard in Resources */ = {isa = PBXBuildFile; fileRef = 1B103D472018E97300519AD4 /* Main.storyboard */; };
		1B103D4C2018E97300519AD4 /* first_app_xcode_9.xcdatamodeld in Sources */ = {isa = PBXBuildFile; fileRef = 1B103D4A2018E97300519AD4 /* first_app_xcode_9.xcdatamodeld */; };
		1B103D4E2018E97300519AD4 /* Assets.xcassets in Resources */ = {isa = PBXBuildFile; fileRef = 1B103D4D2018E97300519AD4 /* Assets.xcassets */; };
		1B103D512018E97300519AD4 /* LaunchScreen.storyboard in Resources */ = {isa = PBXBuildFile; fileRef = 1B103D4F2018E97300519AD4 /* LaunchScreen.storyboard */; };
/* End PBXBuildFile section */

/* Begin PBXFileReference section */
		1B103D402018E97300519AD4 /* first app xcode 9.app */ = {isa = PBXFileReference; explicitFileType = wrapper.application; includeInIndex = 0; path = "first app xcode 9.app"; sourceTree = BUILT_PRODUCTS_DIR; };
		1B103D432018E97300519AD4 /* AppDelegate.swift */ = {isa = PBXFileReference; lastKnownFileType = sourcecode.swift; path = AppDelegate.swift; sourceTree = "<group>"; };
		1B103D452018E97300519AD4 /* ViewController.swift */ = {isa = PBXFileReference; lastKnownFileType = sourcecode.swift; path = ViewController.swift; sourceTree = "<group>"; };
		1B103D482018E97300519AD4 /* Base */ = {isa = PBXFileReference; lastKnownFileType = file.storyboard; name = Base; path = Base.lproj/Main.storyboard; sourceTree = "<group>"; };
		1B103D4B2018E97300519AD4 /* first_app_xcode_9.xcdatamodel */ = {isa = PBXFileReference; lastKnownFileType = wrapper.xcdatamodel; path = first_app_xcode_9.xcdatamodel; sourceTree = "<group>"; };
		1B103D4D2018E97300519AD4 /* Assets.xcassets */ = {isa = PBXFileReference; lastKnownFileType = folder.assetcatalog; path = Assets.xcassets; sourceTree = "<group>"; };
		1B103D502018E97300519AD4 /* Base */ = {isa = PBXFileReference; lastKnownFileType = file.storyboard; name = Base; path = Base.lproj/LaunchScreen.storyboard; sourceTree = "<group>"; };
		1B103D522018E97300519AD4 /* Info.plist */ = {isa = PBXFileReference; lastKnownFileType = text.plist.xml; path = Info.plist; sourceTree = "<group>"; };
/* End PBXFileReference section */

/* Begin PBXFrameworksBuildPhase section */
		1B103D3D2018E97300519AD4 /* Frameworks */ = {
			isa = PBXFrameworksBuildPhase;
			buildActionMask = 2147483647;
			files = (
			);
			runOnlyForDeploymentPostprocessing = 0;
		};
/* End PBXFrameworksBuildPhase section */

/* Begin PBXGroup section */
		1B103D372018E97300519AD4 = {
			isa = PBXGroup;
			children = (
				1B103D422018E97300519AD4 /* first app xcode 9 */,
				1B103D412018E97300519AD4 /* Products */,
			);
			sourceTree = "<group>";
		};
		1B103D412018E97300519AD4 /* Products */ = {
			isa = PBXGroup;
			children = (
				1B103D402018E97300519AD4 /* first app xcode 9.app */,
			);
			name = Products;
			sourceTree = "<group>";
		};
		1B103D422018E97300519AD4 /* first app xcode 9 */ = {
			isa = PBXGroup;
			children = (
				1B103D432018E97300519AD4 /* AppDelegate.swift */,
				1B103D452018E97300519AD4 /* ViewController.swift */,
				1B103D472018E97300519AD4 /* Main.storyboard */,
				1B103D4D2018E97300519AD4 /* Assets.xcassets */,
				1B103D4F2018E97300519AD4 /* LaunchScreen.storyboard */,
				1B103D522018E97300519AD4 /* Info.plist */,
				1B103D4A2018E97300519AD4 /* first_app_xcode_9.xcdatamodeld */,
			);
			path = "first app xcode 9";
			sourceTree = "<group>";
		};
/* End PBXGroup section */

/* Begin PBXNativeTarget section */
		1B103D3F2018E97300519AD4 /* first app xcode 9 */ = {
			isa = PBXNativeTarget;
			buildConfigurationList = 1B103D552018E97300519AD4 /* Build configuration list for PBXNativeTarget "first app xcode 9" */;
			buildPhases = (
				1B103D3C2018E97300519AD4 /* Sources */,
				1B103D3D2018E97300519AD4 /* Frameworks */,
				1B103D3E2018E97300519AD4 /* Resources */,
			);
			buildRules = (
			);
			dependencies = (
			);
			name = "first app xcode 9";
			productName = "first app xcode 9";
			productReference = 1B103D402018E97300519AD4 /* first app xcode 9.app */;
			productType = "com.apple.product-type.application";
		};
/* End PBXNativeTarget section */

/* Begin PBXProject section */
		1B103D382018E97300519AD4 /* Project object */ = {
			isa = PBXProject;
			attributes = {
				LastSwiftUpdateCheck = 0920;
				LastUpgradeCheck = 0920;
				ORGANIZATIONNAME = sagar;
				TargetAttributes = {
					1B103D3F2018E97300519AD4 = {
						CreatedOnToolsVersion = 9.2;
						ProvisioningStyle = Manual;
					};
				};
			};
			buildConfigurationList = 1B103D3B2018E97300519AD4 /* Build configuration list for PBXProject "first app xcode 9" */;
			compatibilityVersion = "Xcode 8.0";
			developmentRegion = en;
			hasScannedForEncodings = 0;
			knownRegions = (
				en,
				Base,
			);
			mainGroup = 1B103D372018E97300519AD4;
			productRefGroup = 1B103D412018E97300519AD4 /* Products */;
			projectDirPath = "";
			projectRoot = "";
			targets = (
				1B103D3F2018E97300519AD4 /* first app xcode 9 */,
			);
		};
/* End PBXProject section */

/* Begin PBXResourcesBuildPhase section */
		1B103D3E2018E97300519AD4 /* Resources */ = {
			isa = PBXResourcesBuildPhase;
			buildActionMask = 2147483647;
			files = (
				1B103D512018E97300519AD4 /* LaunchScreen.storyboard in Resources */,
				1B103D4E2018E97300519AD4 /* Assets.xcassets in Resources */,
				1B103D492018E97300519AD4 /* Main.storyboard in Resources */,
			);
			runOnlyForDeploymentPostprocessing = 0;
		};
/* End PBXResourcesBuildPhase section */

/* Begin PBXSourcesBuildPhase section */
		1B103D3C2018E97300519AD4 /* Sources */ = {
			isa = PBXSourcesBuildPhase;
			buildActionMask = 2147483647;
			files = (
				1B103D4C2018E97300519AD4 /* first_app_xcode_9.xcdatamodeld in Sources */,
				1B103D462018E97300519AD4 /* ViewController.swift in Sources */,
				1B103D442018E97300519AD4 /* AppDelegate.swift in Sources */,
			);
			runOnlyForDeploymentPostprocessing = 0;
		};
/* End PBXSourcesBuildPhase section */

/* Begin PBXVariantGroup section */
		1B103D472018E97300519AD4 /* Main.storyboard */ = {
			isa = PBXVariantGroup;
			children = (
				1B103D482018E97300519AD4 /* Base */,
			);
			name = Main.storyboard;
			sourceTree = "<group>";
		};
		1B103D4F2018E97300519AD4 /* LaunchScreen.storyboard */ = {
			isa = PBXVariantGroup;
			children = (
				1B103D502018E97300519AD4 /* Base */,
			);
			name = LaunchScreen.storyboard;
			sourceTree = "<group>";
		};
/* End PBXVariantGroup section */

/* Begin XCBuildConfiguration section */
		1B103D532018E97300519AD4 /* Debug */ = {
			isa = XCBuildConfiguration;
			buildSettings = {
				ALWAYS_SEARCH_USER_PATHS = NO;
				CLANG_ANALYZER_NONNULL = YES;
				CLANG_ANALYZER_NUMBER_OBJECT_CONVERSION = YES_AGGRESSIVE;
				CLANG_CXX_LANGUAGE_STANDARD = "gnu++14";
				CLANG_CXX_LIBRARY = "libc++";
				CLANG_ENABLE_MODULES = YES;
				CLANG_ENABLE_OBJC_ARC = YES;
				CLANG_WARN_BLOCK_CAPTURE_AUTORELEASING = YES;
				CLANG_WARN_BOOL_CONVERSION = YES;
				CLANG_WARN_COMMA = YES;
				CLANG_WARN_CONSTANT_CONVERSION = YES;
				CLANG_WARN_DIRECT_OBJC_ISA_USAGE = YES_ERROR;
				CLANG_WARN_DOCUMENTATION_COMMENTS = YES;
				CLANG_WARN_EMPTY_BODY = YES;
				CLANG_WARN_ENUM_CONVERSION = YES;
				CLANG_WARN_INFINITE_RECURSION = YES;
				CLANG_WARN_INT_CONVERSION = YES;
				CLANG_WARN_NON_LITERAL_NULL_CONVERSION = YES;
				CLANG_WARN_OBJC_LITERAL_CONVERSION = YES;
				CLANG_WARN_OBJC_ROOT_CLASS = YES_ERROR;
				CLANG_WARN_RANGE_LOOP_ANALYSIS = YES;
				CLANG_WARN_STRICT_PROTOTYPES = YES;
				CLANG_WARN_SUSPICIOUS_MOVE = YES;
				CLANG_WARN_UNGUARDED_AVAILABILITY = YES_AGGRESSIVE;
				CLANG_WARN_UNREACHABLE_CODE = YES;
				CLANG_WARN__DUPLICATE_METHOD_MATCH = YES;
				CODE_SIGN_IDENTITY = "iPhone Developer";
				COPY_PHASE_STRIP = NO;
				DEBUG_INFORMATION_FORMAT = dwarf;
				ENABLE_STRICT_OBJC_MSGSEND = YES;
				ENABLE_TESTABILITY = YES;
				GCC_C_LANGUAGE_STANDARD = gnu11;
				GCC_DYNAMIC_NO_PIC = NO;
				GCC_NO_COMMON_BLOCKS = YES;
				GCC_OPTIMIZATION_LEVEL = 0;
				GCC_PREPROCESSOR_DEFINITIONS = (
					"DEBUG=1",
					"$(inherited)",
				);
				GCC_WARN_64_TO_32_BIT_CONVERSION = YES;
				GCC_WARN_ABOUT_RETURN_TYPE = YES_ERROR;
				GCC_WARN_UNDECLARED_SELECTOR = YES;
				GCC_WARN_UNINITIALIZED_AUTOS = YES_AGGRESSIVE;
				GCC_WARN_UNUSED_FUNCTION = YES;
				GCC_WARN_UNUSED_VARIABLE = YES;
				IPHONEOS_DEPLOYMENT_TARGET = 11.2;
				MTL_ENABLE_DEBUG_INFO = YES;
				ONLY_ACTIVE_ARCH = YES;
				SDKROOT = iphoneos;
				SWIFT_ACTIVE_COMPILATION_CONDITIONS = DEBUG;
				SWIFT_OPTIMIZATION_LEVEL = "-Onone";
			};
			name = Debug;
		};
		1B103D542018E97300519AD4 /* Release */ = {
			isa = XCBuildConfiguration;
			buildSettings = {
				ALWAYS_SEARCH_USER_PATHS = NO;
				CLANG_ANALYZER_NONNULL = YES;
				CLANG_ANALYZER_NUMBER_OBJECT_CONVERSION = YES_AGGRESSIVE;
				CLANG_CXX_LANGUAGE_STANDARD = "gnu++14";
				CLANG_CXX_LIBRARY = "libc++";
				CLANG_ENABLE_MODULES = YES;
				CLANG_ENABLE_OBJC_ARC = YES;
				CLANG_WARN_BLOCK_CAPTURE_AUTORELEASING = YES;
				CLANG_WARN_BOOL_CONVERSION = YES;
				CLANG_WARN_COMMA = YES;
				CLANG_WARN_CONSTANT_CONVERSION = YES;
				CLANG_WARN_DIRECT_OBJC_ISA_USAGE = YES_ERROR;
				CLANG_WARN_DOCUMENTATION_COMMENTS = YES;
				CLANG_WARN_EMPTY_BODY = YES;
				CLANG_WARN_ENUM_CONVERSION = YES;
				CLANG_WARN_INFINITE_RECURSION = YES;
				CLANG_WARN_INT_CONVERSION = YES;
				CLANG_WARN_NON_LITERAL_NULL_CONVERSION = YES;
				CLANG_WARN_OBJC_LITERAL_CONVERSION = YES;
				CLANG_WARN_OBJC_ROOT_CLASS = YES_ERROR;
				CLANG_WARN_RANGE_LOOP_ANALYSIS = YES;
				CLANG_WARN_STRICT_PROTOTYPES = YES;
				CLANG_WARN_SUSPICIOUS_MOVE = YES;
				CLANG_WARN_UNGUARDED_AVAILABILITY = YES_AGGRESSIVE;
				CLANG_WARN_UNREACHABLE_CODE = YES;
				CLANG_WARN__DUPLICATE_METHOD_MATCH = YES;
				CODE_SIGN_IDENTITY = "iPhone Developer";
				COPY_PHASE_STRIP = NO;
				DEBUG_INFORMATION_FORMAT = "dwarf-with-dsym";
				ENABLE_NS_ASSERTIONS = NO;
				ENABLE_STRICT_OBJC_MSGSEND = YES;
				GCC_C_LANGUAGE_STANDARD = gnu11;
				GCC_NO_COMMON_BLOCKS = YES;
				GCC_WARN_64_TO_32_BIT_CONVERSION = YES;
				GCC_WARN_ABOUT_RETURN_TYPE = YES_ERROR;
				GCC_WARN_UNDECLARED_SELECTOR = YES;
				GCC_WARN_UNINITIALIZED_AUTOS = YES_AGGRESSIVE;
				GCC_WARN_UNUSED_FUNCTION = YES;
				GCC_WARN_UNUSED_VARIABLE = YES;
				IPHONEOS_DEPLOYMENT_TARGET = 11.2;
				MTL_ENABLE_DEBUG_INFO = NO;
				SDKROOT = iphoneos;
				SWIFT_OPTIMIZATION_LEVEL = "-Owholemodule";
				VALIDATE_PRODUCT = YES;
			};
			name = Release;
		};
		1B103D562018E97300519AD4 /* Debug */ = {
			isa = XCBuildConfiguration;
			buildSettings = {
				ASSETCATALOG_COMPILER_APPICON_NAME = AppIcon;
				CODE_SIGN_STYLE = Manual;
				DEVELOPMENT_TEAM = "";
				INFOPLIST_FILE = "first app xcode 9/Info.plist";
				LD_RUNPATH_SEARCH_PATHS = "$(inherited) @executable_path/Frameworks";
				PRODUCT_BUNDLE_IDENTIFIER = "sdb.first-app-xcode-9";
				PRODUCT_NAME = "$(TARGET_NAME)";
				PROVISIONING_PROFILE_SPECIFIER = "";
				SWIFT_VERSION = 4.0;
				TARGETED_DEVICE_FAMILY = "1,2";
			};
			name = Debug;
		};
		1B103D572018E97300519AD4 /* Release */ = {
			isa = XCBuildConfiguration;
			buildSettings = {
				ASSETCATALOG_COMPILER_APPICON_NAME = AppIcon;
				CODE_SIGN_STYLE = Manual;
				DEVELOPMENT_TEAM = "";
				INFOPLIST_FILE = "first app xcode 9/Info.plist";
				LD_RUNPATH_SEARCH_PATHS = "$(inherited) @executable_path/Frameworks";
				PRODUCT_BUNDLE_IDENTIFIER = "sdb.first-app-xcode-9";
				PRODUCT_NAME = "$(TARGET_NAME)";
				PROVISIONING_PROFILE_SPECIFIER = "";
				SWIFT_VERSION = 4.0;
				TARGETED_DEVICE_FAMILY = "1,2";
			};
			name = Release;
		};
/* End XCBuildConfiguration section */

/* Begin XCConfigurationList section */
		1B103D3B2018E97300519AD4 /* Build configuration list for PBXProject "first app xcode 9" */ = {
			isa = XCConfigurationList;
			buildConfigurations = (
				1B103D532018E97300519AD4 /* Debug */,
				1B103D542018E97300519AD4 /* Release */,
			);
			defaultConfigurationIsVisible = 0;
			defaultConfigurationName = Release;
		};
		1B103D552018E97300519AD4 /* Build configuration list for PBXNativeTarget "first app xcode 9" */ = {
			isa = XCConfigurationList;
			buildConfigurations = (
				1B103D562018E97300519AD4 /* Debug */,
				1B103D572018E97300519AD4 /* Release */,
			);
			defaultConfigurationIsVisible = 0;
			defaultConfigurationName = Release;
		};
/* End XCConfigurationList section */

/* Begin XCVersionGroup section */
		1B103D4A2018E97300519AD4 /* first_app_xcode_9.xcdatamodeld */ = {
			isa = XCVersionGroup;
			children = (
				1B103D4B2018E97300519AD4 /* first_app_xcode_9.xcdatamodel */,
			);
			currentVersion = 1B103D4B2018E97300519AD4 /* first_app_xcode_9.xcdatamodel */;
			path = first_app_xcode_9.xcdatamodeld;
			sourceTree = "<group>";
			versionGroupType = wrapper.xcdatamodel;
		};
/* End XCVersionGroup section */
	};
	rootObject = 1B103D382018E97300519AD4 /* Project object */;
}
